
Microsoft Visual Studio Solution File, Format Version 12.00
Project("{FAE04EC0-301F-11D3-BF4B-00C04F79EFBC}") = "WF.CustomEvents", "WF.CustomEvents\WF.CustomEvents.csproj", "{022621A3-ADEE-443C-8072-6E11769E4CF5}"
EndProject
Project("{FAE04EC0-301F-11D3-BF4B-00C04F79EFBC}") = "WF.CustomEvents.Tests", "WF.CustomEvents.Tests\WF.CustomEvents.Tests.csproj", "{A98363CF-462F-4DC2-B2CB-EA156EA93C59}"
EndProject
Global
	GlobalSection(SolutionConfigurationPlatforms) = preSolution
		Debug|Any CPU = Debug|Any CPU
		Release|Any CPU = Release|Any CPU
	EndGlobalSection
	GlobalSection(ProjectConfigurationPlatforms) = postSolution
		{022621A3-ADEE-443C-8072-6E11769E4CF5}.Debug|Any CPU.ActiveCfg = Debug|Any CPU
		{022621A3-ADEE-443C-8072-6E11769E4CF5}.Debug|Any CPU.Build.0 = Debug|Any CPU
		{022621A3-ADEE-443C-8072-6E11769E4CF5}.Release|Any CPU.ActiveCfg = Release|Any CPU
		{022621A3-ADEE-443C-8072-6E11769E4CF5}.Release|Any CPU.Build.0 = Release|Any CPU
		{A98363CF-462F-4DC2-B2CB-EA156EA93C59}.Debug|Any CPU.ActiveCfg = Debug|Any CPU
		{A98363CF-462F-4DC2-B2CB-EA156EA93C59}.Debug|Any CPU.Build.0 = Debug|Any CPU
		{A98363CF-462F-4DC2-B2CB-EA156EA93C59}.Release|Any CPU.ActiveCfg = Release|Any CPU
		{A98363CF-462F-4DC2-B2CB-EA156EA93C59}.Release|Any CPU.Build.0 = Release|Any CPU
	EndGlobalSection
EndGlobal
